// !$*UTF8*$!
{
	archiveVersion = 1;
	classes = {
	};
	objectVersion = 50;
	objects = {

/* Begin PBXBuildFile section */
		48F02248211786D800B48215 /* AppDelegate.swift in Sources */ = {isa = PBXBuildFile; fileRef = 48F02247211786D800B48215 /* AppDelegate.swift */; };
		48F0224A211786D800B48215 /* ViewController.swift in Sources */ = {isa = PBXBuildFile; fileRef = 48F02249211786D800B48215 /* ViewController.swift */; };
		48F0224D211786D800B48215 /* Main.storyboard in Resources */ = {isa = PBXBuildFile; fileRef = 48F0224B211786D800B48215 /* Main.storyboard */; };
		48F0224F211786D900B48215 /* Assets.xcassets in Resources */ = {isa = PBXBuildFile; fileRef = 48F0224E211786D900B48215 /* Assets.xcassets */; };
		48F02252211786D900B48215 /* LaunchScreen.storyboard in Resources */ = {isa = PBXBuildFile; fileRef = 48F02250211786D900B48215 /* LaunchScreen.storyboard */; };
		48F0225A211786E100B48215 /* Flickr.swift in Sources */ = {isa = PBXBuildFile; fileRef = 48F02259211786E100B48215 /* Flickr.swift */; };
		48F0225D211788B700B48215 /* FlickrSearchResults.swift in Sources */ = {isa = PBXBuildFile; fileRef = 48F0225B211788B600B48215 /* FlickrSearchResults.swift */; };
		48F0225E211788B700B48215 /* FlickrPhoto.swift in Sources */ = {isa = PBXBuildFile; fileRef = 48F0225C211788B700B48215 /* FlickrPhoto.swift */; };
		48F0226021178EF300B48215 /* FlickrPhotoCell.swift in Sources */ = {isa = PBXBuildFile; fileRef = 48F0225F21178EF300B48215 /* FlickrPhotoCell.swift */; };
		48F022622117B42300B48215 /* Constants.swift in Sources */ = {isa = PBXBuildFile; fileRef = 48F022612117B42300B48215 /* Constants.swift */; };
/* End PBXBuildFile section */

/* Begin PBXFileReference section */
		48F02244211786D800B48215 /* FlickerSearchDuplicate.app */ = {isa = PBXFileReference; explicitFileType = wrapper.application; includeInIndex = 0; path = FlickerSearchDuplicate.app; sourceTree = BUILT_PRODUCTS_DIR; };
		48F02247211786D800B48215 /* AppDelegate.swift */ = {isa = PBXFileReference; lastKnownFileType = sourcecode.swift; path = AppDelegate.swift; sourceTree = "<group>"; };
		48F02249211786D800B48215 /* ViewController.swift */ = {isa = PBXFileReference; lastKnownFileType = sourcecode.swift; path = ViewController.swift; sourceTree = "<group>"; };
		48F0224C211786D800B48215 /* Base */ = {isa = PBXFileReference; lastKnownFileType = file.storyboard; name = Base; path = Base.lproj/Main.storyboard; sourceTree = "<group>"; };
		48F0224E211786D900B48215 /* Assets.xcassets */ = {isa = PBXFileReference; lastKnownFileType = folder.assetcatalog; path = Assets.xcassets; sourceTree = "<group>"; };
		48F02251211786D900B48215 /* Base */ = {isa = PBXFileReference; lastKnownFileType = file.storyboard; name = Base; path = Base.lproj/LaunchScreen.storyboard; sourceTree = "<group>"; };
		48F02253211786D900B48215 /* Info.plist */ = {isa = PBXFileReference; lastKnownFileType = text.plist.xml; path = Info.plist; sourceTree = "<group>"; };
		48F02259211786E100B48215 /* Flickr.swift */ = {isa = PBXFileReference; fileEncoding = 4; lastKnownFileType = sourcecode.swift; path = Flickr.swift; sourceTree = "<group>"; };
		48F0225B211788B600B48215 /* FlickrSearchResults.swift */ = {isa = PBXFileReference; fileEncoding = 4; lastKnownFileType = sourcecode.swift; path = FlickrSearchResults.swift; sourceTree = "<group>"; };
		48F0225C211788B700B48215 /* FlickrPhoto.swift */ = {isa = PBXFileReference; fileEncoding = 4; lastKnownFileType = sourcecode.swift; path = FlickrPhoto.swift; sourceTree = "<group>"; };
		48F0225F21178EF300B48215 /* FlickrPhotoCell.swift */ = {isa = PBXFileReference; lastKnownFileType = sourcecode.swift; path = FlickrPhotoCell.swift; sourceTree = "<group>"; };
		48F022612117B42300B48215 /* Constants.swift */ = {isa = PBXFileReference; lastKnownFileType = sourcecode.swift; path = Constants.swift; sourceTree = "<group>"; };
/* End PBXFileReference section */

/* Begin PBXFrameworksBuildPhase section */
		48F02241211786D800B48215 /* Frameworks */ = {
			isa = PBXFrameworksBuildPhase;
			buildActionMask = 2147483647;
			files = (
			);
			runOnlyForDeploymentPostprocessing = 0;
		};
/* End PBXFrameworksBuildPhase section */

/* Begin PBXGroup section */
		48F0223B211786D800B48215 = {
			isa = PBXGroup;
			children = (
				48F02246211786D800B48215 /* FlickerSearchDuplicate */,
				48F02245211786D800B48215 /* Products */,
			);
			sourceTree = "<group>";
		};
		48F02245211786D800B48215 /* Products */ = {
			isa = PBXGroup;
			children = (
				48F02244211786D800B48215 /* FlickerSearchDuplicate.app */,
			);
			name = Products;
			sourceTree = "<group>";
		};
		48F02246211786D800B48215 /* FlickerSearchDuplicate */ = {
			isa = PBXGroup;
			children = (
				48F02259211786E100B48215 /* Flickr.swift */,
				48F022612117B42300B48215 /* Constants.swift */,
				48F0225C211788B700B48215 /* FlickrPhoto.swift */,
				48F0225B211788B600B48215 /* FlickrSearchResults.swift */,
				48F02247211786D800B48215 /* AppDelegate.swift */,
				48F02249211786D800B48215 /* ViewController.swift */,
				48F0225F21178EF300B48215 /* FlickrPhotoCell.swift */,
				48F0224B211786D800B48215 /* Main.storyboard */,
				48F0224E211786D900B48215 /* Assets.xcassets */,
				48F02250211786D900B48215 /* LaunchScreen.storyboard */,
				48F02253211786D900B48215 /* Info.plist */,
			);
			path = FlickerSearchDuplicate;
			sourceTree = "<group>";
		};
/* End PBXGroup section */

/* Begin PBXNativeTarget section */
		48F02243211786D800B48215 /* FlickerSearchDuplicate */ = {
			isa = PBXNativeTarget;
			buildConfigurationList = 48F02256211786D900B48215 /* Build configuration list for PBXNativeTarget "FlickerSearchDuplicate" */;
			buildPhases = (
				48F02240211786D800B48215 /* Sources */,
				48F02241211786D800B48215 /* Frameworks */,
				48F02242211786D800B48215 /* Resources */,
			);
			buildRules = (
			);
			dependencies = (
			);
			name = FlickerSearchDuplicate;
			productName = FlickerSearchDuplicate;
			productReference = 48F02244211786D800B48215 /* FlickerSearchDuplicate.app */;
			productType = "com.apple.product-type.application";
		};
/* End PBXNativeTarget section */

/* Begin PBXProject section */
		48F0223C211786D800B48215 /* Project object */ = {
			isa = PBXProject;
			attributes = {
				LastSwiftUpdateCheck = 0940;
				LastUpgradeCheck = 0940;
				ORGANIZATIONNAME = Ray;
				TargetAttributes = {
					48F02243211786D800B48215 = {
						CreatedOnToolsVersion = 9.4.1;
					};
				};
			};
			buildConfigurationList = 48F0223F211786D800B48215 /* Build configuration list for PBXProject "FlickerSearchDuplicate" */;
			compatibilityVersion = "Xcode 9.3";
			developmentRegion = en;
			hasScannedForEncodings = 0;
			knownRegions = (
				en,
				Base,
			);
			mainGroup = 48F0223B211786D800B48215;
			productRefGroup = 48F02245211786D800B48215 /* Products */;
			projectDirPath = "";
			projectRoot = "";
			targets = (
				48F02243211786D800B48215 /* FlickerSearchDuplicate */,
			);
		};
/* End PBXProject section */

/* Begin PBXResourcesBuildPhase section */
		48F02242211786D800B48215 /* Resources */ = {
			isa = PBXResourcesBuildPhase;
			buildActionMask = 2147483647;
			files = (
				48F02252211786D900B48215 /* LaunchScreen.storyboard in Resources */,
				48F0224F211786D900B48215 /* Assets.xcassets in Resources */,
				48F0224D211786D800B48215 /* Main.storyboard in Resources */,
			);
			runOnlyForDeploymentPostprocessing = 0;
		};
/* End PBXResourcesBuildPhase section */

/* Begin PBXSourcesBuildPhase section */
		48F02240211786D800B48215 /* Sources */ = {
			isa = PBXSourcesBuildPhase;
			buildActionMask = 2147483647;
			files = (
				48F0224A211786D800B48215 /* ViewController.swift in Sources */,
				48F0225A211786E100B48215 /* Flickr.swift in Sources */,
				48F02248211786D800B48215 /* AppDelegate.swift in Sources */,
				48F0225E211788B700B48215 /* FlickrPhoto.swift in Sources */,
				48F022622117B42300B48215 /* Constants.swift in Sources */,
				48F0225D211788B700B48215 /* FlickrSearchResults.swift in Sources */,
				48F0226021178EF300B48215 /* FlickrPhotoCell.swift in Sources */,
			);
			runOnlyForDeploymentPostprocessing = 0;
		};
/* End PBXSourcesBuildPhase section */

/* Begin PBXVariantGroup section */
		48F0224B211786D800B48215 /* Main.storyboard */ = {
			isa = PBXVariantGroup;
			children = (
				48F0224C211786D800B48215 /* Base */,
			);
			name = Main.storyboard;
			sourceTree = "<group>";
		};
		48F02250211786D900B48215 /* LaunchScreen.storyboard */ = {
			isa = PBXVariantGroup;
			children = (
				48F02251211786D900B48215 /* Base */,
			);
			name = LaunchScreen.storyboard;
			sourceTree = "<group>";
		};
/* End PBXVariantGroup section */

/* Begin XCBuildConfiguration section */
		48F02254211786D900B48215 /* Debug */ = {
			isa = XCBuildConfiguration;
			buildSettings = {
				ALWAYS_SEARCH_USER_PATHS = NO;
				CLANG_ANALYZER_NONNULL = YES;
				CLANG_ANALYZER_NUMBER_OBJECT_CONVERSION = YES_AGGRESSIVE;
				CLANG_CXX_LANGUAGE_STANDARD = "gnu++14";
				CLANG_CXX_LIBRARY = "libc++";
				CLANG_ENABLE_MODULES = YES;
				CLANG_ENABLE_OBJC_ARC = YES;
				CLANG_ENABLE_OBJC_WEAK = YES;
				CLANG_WARN_BLOCK_CAPTURE_AUTORELEASING = YES;
				CLANG_WARN_BOOL_CONVERSION = YES;
				CLANG_WARN_COMMA = YES;
				CLANG_WARN_CONSTANT_CONVERSION = YES;
				CLANG_WARN_DEPRECATED_OBJC_IMPLEMENTATIONS = YES;
				CLANG_WARN_DIRECT_OBJC_ISA_USAGE = YES_ERROR;
				CLANG_WARN_DOCUMENTATION_COMMENTS = YES;
				CLANG_WARN_EMPTY_BODY = YES;
				CLANG_WARN_ENUM_CONVERSION = YES;
				CLANG_WARN_INFINITE_RECURSION = YES;
				CLANG_WARN_INT_CONVERSION = YES;
				CLANG_WARN_NON_LITERAL_NULL_CONVERSION = YES;
				CLANG_WARN_OBJC_IMPLICIT_RETAIN_SELF = YES;
				CLANG_WARN_OBJC_LITERAL_CONVERSION = YES;
				CLANG_WARN_OBJC_ROOT_CLASS = YES_ERROR;
				CLANG_WARN_RANGE_LOOP_ANALYSIS = YES;
				CLANG_WARN_STRICT_PROTOTYPES = YES;
				CLANG_WARN_SUSPICIOUS_MOVE = YES;
				CLANG_WARN_UNGUARDED_AVAILABILITY = YES_AGGRESSIVE;
				CLANG_WARN_UNREACHABLE_CODE = YES;
				CLANG_WARN__DUPLICATE_METHOD_MATCH = YES;
				CODE_SIGN_IDENTITY = "iPhone Developer";
				COPY_PHASE_STRIP = NO;
				DEBUG_INFORMATION_FORMAT = dwarf;
				ENABLE_STRICT_OBJC_MSGSEND = YES;
				ENABLE_TESTABILITY = YES;
				GCC_C_LANGUAGE_STANDARD = gnu11;
				GCC_DYNAMIC_NO_PIC = NO;
				GCC_NO_COMMON_BLOCKS = YES;
				GCC_OPTIMIZATION_LEVEL = 0;
				GCC_PREPROCESSOR_DEFINITIONS = (
					"DEBUG=1",
					"$(inherited)",
				);
				GCC_WARN_64_TO_32_BIT_CONVERSION = YES;
				GCC_WARN_ABOUT_RETURN_TYPE = YES_ERROR;
				GCC_WARN_UNDECLARED_SELECTOR = YES;
				GCC_WARN_UNINITIALIZED_AUTOS = YES_AGGRESSIVE;
				GCC_WARN_UNUSED_FUNCTION = YES;
				GCC_WARN_UNUSED_VARIABLE = YES;
				IPHONEOS_DEPLOYMENT_TARGET = 11.4;
				MTL_ENABLE_DEBUG_INFO = YES;
				ONLY_ACTIVE_ARCH = YES;
				SDKROOT = iphoneos;
				SWIFT_ACTIVE_COMPILATION_CONDITIONS = DEBUG;
				SWIFT_OPTIMIZATION_LEVEL = "-Onone";
			};
			name = Debug;
		};
		48F02255211786D900B48215 /* Release */ = {
			isa = XCBuildConfiguration;
			buildSettings = {
				ALWAYS_SEARCH_USER_PATHS = NO;
				CLANG_ANALYZER_NONNULL = YES;
				CLANG_ANALYZER_NUMBER_OBJECT_CONVERSION = YES_AGGRESSIVE;
				CLANG_CXX_LANGUAGE_STANDARD = "gnu++14";
				CLANG_CXX_LIBRARY = "libc++";
				CLANG_ENABLE_MODULES = YES;
				CLANG_ENABLE_OBJC_ARC = YES;
				CLANG_ENABLE_OBJC_WEAK = YES;
				CLANG_WARN_BLOCK_CAPTURE_AUTORELEASING = YES;
				CLANG_WARN_BOOL_CONVERSION = YES;
				CLANG_WARN_COMMA = YES;
				CLANG_WARN_CONSTANT_CONVERSION = YES;
				CLANG_WARN_DEPRECATED_OBJC_IMPLEMENTATIONS = YES;
				CLANG_WARN_DIRECT_OBJC_ISA_USAGE = YES_ERROR;
				CLANG_WARN_DOCUMENTATION_COMMENTS = YES;
				CLANG_WARN_EMPTY_BODY = YES;
				CLANG_WARN_ENUM_CONVERSION = YES;
				CLANG_WARN_INFINITE_RECURSION = YES;
				CLANG_WARN_INT_CONVERSION = YES;
				CLANG_WARN_NON_LITERAL_NULL_CONVERSION = YES;
				CLANG_WARN_OBJC_IMPLICIT_RETAIN_SELF = YES;
				CLANG_WARN_OBJC_LITERAL_CONVERSION = YES;
				CLANG_WARN_OBJC_ROOT_CLASS = YES_ERROR;
				CLANG_WARN_RANGE_LOOP_ANALYSIS = YES;
				CLANG_WARN_STRICT_PROTOTYPES = YES;
				CLANG_WARN_SUSPICIOUS_MOVE = YES;
				CLANG_WARN_UNGUARDED_AVAILABILITY = YES_AGGRESSIVE;
				CLANG_WARN_UNREACHABLE_CODE = YES;
				CLANG_WARN__DUPLICATE_METHOD_MATCH = YES;
				CODE_SIGN_IDENTITY = "iPhone Developer";
				COPY_PHASE_STRIP = NO;
				DEBUG_INFORMATION_FORMAT = "dwarf-with-dsym";
				ENABLE_NS_ASSERTIONS = NO;
				ENABLE_STRICT_OBJC_MSGSEND = YES;
				GCC_C_LANGUAGE_STANDARD = gnu11;
				GCC_NO_COMMON_BLOCKS = YES;
				GCC_WARN_64_TO_32_BIT_CONVERSION = YES;
				GCC_WARN_ABOUT_RETURN_TYPE = YES_ERROR;
				GCC_WARN_UNDECLARED_SELECTOR = YES;
				GCC_WARN_UNINITIALIZED_AUTOS = YES_AGGRESSIVE;
				GCC_WARN_UNUSED_FUNCTION = YES;
				GCC_WARN_UNUSED_VARIABLE = YES;
				IPHONEOS_DEPLOYMENT_TARGET = 11.4;
				MTL_ENABLE_DEBUG_INFO = NO;
				SDKROOT = iphoneos;
				SWIFT_COMPILATION_MODE = wholemodule;
				SWIFT_OPTIMIZATION_LEVEL = "-O";
				VALIDATE_PRODUCT = YES;
			};
			name = Release;
		};
		48F02257211786D900B48215 /* Debug */ = {
			isa = XCBuildConfiguration;
			buildSettings = {
				ASSETCATALOG_COMPILER_APPICON_NAME = AppIcon;
				CODE_SIGN_STYLE = Automatic;
				DEVELOPMENT_TEAM = DGVTX2WT2S;
				INFOPLIST_FILE = FlickerSearchDuplicate/Info.plist;
				LD_RUNPATH_SEARCH_PATHS = (
					"$(inherited)",
					"@executable_path/Frameworks",
				);
				PRODUCT_BUNDLE_IDENTIFIER = com.ray.app.assignment.FlickerSearchDuplicate;
				PRODUCT_NAME = "$(TARGET_NAME)";
				SWIFT_VERSION = 4.0;
				TARGETED_DEVICE_FAMILY = "1,2";
			};
			name = Debug;
		};
		48F02258211786D900B48215 /* Release */ = {
			isa = XCBuildConfiguration;
			buildSettings = {
				ASSETCATALOG_COMPILER_APPICON_NAME = AppIcon;
				CODE_SIGN_STYLE = Automatic;
				DEVELOPMENT_TEAM = DGVTX2WT2S;
				INFOPLIST_FILE = FlickerSearchDuplicate/Info.plist;
				LD_RUNPATH_SEARCH_PATHS = (
					"$(inherited)",
					"@executable_path/Frameworks",
				);
				PRODUCT_BUNDLE_IDENTIFIER = com.ray.app.assignment.FlickerSearchDuplicate;
				PRODUCT_NAME = "$(TARGET_NAME)";
				SWIFT_VERSION = 4.0;
				TARGETED_DEVICE_FAMILY = "1,2";
			};
			name = Release;
		};
/* End XCBuildConfiguration section */

/* Begin XCConfigurationList section */
		48F0223F211786D800B48215 /* Build configuration list for PBXProject "FlickerSearchDuplicate" */ = {
			isa = XCConfigurationList;
			buildConfigurations = (
				48F02254211786D900B48215 /* Debug */,
				48F02255211786D900B48215 /* Release */,
			);
			defaultConfigurationIsVisible = 0;
			defaultConfigurationName = Release;
		};
		48F02256211786D900B48215 /* Build configuration list for PBXNativeTarget "FlickerSearchDuplicate" */ = {
			isa = XCConfigurationList;
			buildConfigurations = (
				48F02257211786D900B48215 /* Debug */,
				48F02258211786D900B48215 /* Release */,
			);
			defaultConfigurationIsVisible = 0;
			defaultConfigurationName = Release;
		};
/* End XCConfigurationList section */
	};
	rootObject = 48F0223C211786D800B48215 /* Project object */;
}
