// !$*UTF8*$!
{
	archiveVersion = 1;
	classes = {
	};
	objectVersion = 50;
	objects = {

/* Begin PBXBuildFile section */
		48F02221210D4F5D00B48215 /* AppDelegate.swift in Sources */ = {isa = PBXBuildFile; fileRef = 48F02220210D4F5D00B48215 /* AppDelegate.swift */; };
		48F02223210D4F5D00B48215 /* ViewController.swift in Sources */ = {isa = PBXBuildFile; fileRef = 48F02222210D4F5D00B48215 /* ViewController.swift */; };
		48F02226210D4F5D00B48215 /* Main.storyboard in Resources */ = {isa = PBXBuildFile; fileRef = 48F02224210D4F5D00B48215 /* Main.storyboard */; };
		48F02228210D4F5E00B48215 /* Assets.xcassets in Resources */ = {isa = PBXBuildFile; fileRef = 48F02227210D4F5E00B48215 /* Assets.xcassets */; };
		48F0222B210D4F5E00B48215 /* LaunchScreen.storyboard in Resources */ = {isa = PBXBuildFile; fileRef = 48F02229210D4F5E00B48215 /* LaunchScreen.storyboard */; };
		48F02233210D4F7F00B48215 /* UIHorizontalTableView.swift in Sources */ = {isa = PBXBuildFile; fileRef = 48F02232210D4F7F00B48215 /* UIHorizontalTableView.swift */; };
		48F02235210D52FC00B48215 /* UIHorizontalTableViewCell.swift in Sources */ = {isa = PBXBuildFile; fileRef = 48F02234210D52FC00B48215 /* UIHorizontalTableViewCell.swift */; };
		48F022392110346100B48215 /* Extensions.swift in Sources */ = {isa = PBXBuildFile; fileRef = 48F022382110346100B48215 /* Extensions.swift */; };
/* End PBXBuildFile section */

/* Begin PBXFileReference section */
		48F0221D210D4F5D00B48215 /* UIHorizontalTableViewLibrary.app */ = {isa = PBXFileReference; explicitFileType = wrapper.application; includeInIndex = 0; path = UIHorizontalTableViewLibrary.app; sourceTree = BUILT_PRODUCTS_DIR; };
		48F02220210D4F5D00B48215 /* AppDelegate.swift */ = {isa = PBXFileReference; lastKnownFileType = sourcecode.swift; path = AppDelegate.swift; sourceTree = "<group>"; };
		48F02222210D4F5D00B48215 /* ViewController.swift */ = {isa = PBXFileReference; lastKnownFileType = sourcecode.swift; path = ViewController.swift; sourceTree = "<group>"; };
		48F02225210D4F5D00B48215 /* Base */ = {isa = PBXFileReference; lastKnownFileType = file.storyboard; name = Base; path = Base.lproj/Main.storyboard; sourceTree = "<group>"; };
		48F02227210D4F5E00B48215 /* Assets.xcassets */ = {isa = PBXFileReference; lastKnownFileType = folder.assetcatalog; path = Assets.xcassets; sourceTree = "<group>"; };
		48F0222A210D4F5E00B48215 /* Base */ = {isa = PBXFileReference; lastKnownFileType = file.storyboard; name = Base; path = Base.lproj/LaunchScreen.storyboard; sourceTree = "<group>"; };
		48F0222C210D4F5E00B48215 /* Info.plist */ = {isa = PBXFileReference; lastKnownFileType = text.plist.xml; path = Info.plist; sourceTree = "<group>"; };
		48F02232210D4F7F00B48215 /* UIHorizontalTableView.swift */ = {isa = PBXFileReference; lastKnownFileType = sourcecode.swift; path = UIHorizontalTableView.swift; sourceTree = "<group>"; };
		48F02234210D52FC00B48215 /* UIHorizontalTableViewCell.swift */ = {isa = PBXFileReference; lastKnownFileType = sourcecode.swift; path = UIHorizontalTableViewCell.swift; sourceTree = "<group>"; };
		48F022382110346100B48215 /* Extensions.swift */ = {isa = PBXFileReference; lastKnownFileType = sourcecode.swift; path = Extensions.swift; sourceTree = "<group>"; };
/* End PBXFileReference section */

/* Begin PBXFrameworksBuildPhase section */
		48F0221A210D4F5D00B48215 /* Frameworks */ = {
			isa = PBXFrameworksBuildPhase;
			buildActionMask = 2147483647;
			files = (
			);
			runOnlyForDeploymentPostprocessing = 0;
		};
/* End PBXFrameworksBuildPhase section */

/* Begin PBXGroup section */
		48F02214210D4F5D00B48215 = {
			isa = PBXGroup;
			children = (
				48F0221F210D4F5D00B48215 /* UIHorizontalTableViewLibrary */,
				48F0221E210D4F5D00B48215 /* Products */,
			);
			sourceTree = "<group>";
		};
		48F0221E210D4F5D00B48215 /* Products */ = {
			isa = PBXGroup;
			children = (
				48F0221D210D4F5D00B48215 /* UIHorizontalTableViewLibrary.app */,
			);
			name = Products;
			sourceTree = "<group>";
		};
		48F0221F210D4F5D00B48215 /* UIHorizontalTableViewLibrary */ = {
			isa = PBXGroup;
			children = (
				48F02220210D4F5D00B48215 /* AppDelegate.swift */,
				48F02222210D4F5D00B48215 /* ViewController.swift */,
				48F02224210D4F5D00B48215 /* Main.storyboard */,
				48F02227210D4F5E00B48215 /* Assets.xcassets */,
				48F02229210D4F5E00B48215 /* LaunchScreen.storyboard */,
				48F0222C210D4F5E00B48215 /* Info.plist */,
				48F02232210D4F7F00B48215 /* UIHorizontalTableView.swift */,
				48F02234210D52FC00B48215 /* UIHorizontalTableViewCell.swift */,
				48F022382110346100B48215 /* Extensions.swift */,
			);
			path = UIHorizontalTableViewLibrary;
			sourceTree = "<group>";
		};
/* End PBXGroup section */

/* Begin PBXNativeTarget section */
		48F0221C210D4F5D00B48215 /* UIHorizontalTableViewLibrary */ = {
			isa = PBXNativeTarget;
			buildConfigurationList = 48F0222F210D4F5E00B48215 /* Build configuration list for PBXNativeTarget "UIHorizontalTableViewLibrary" */;
			buildPhases = (
				48F02219210D4F5D00B48215 /* Sources */,
				48F0221A210D4F5D00B48215 /* Frameworks */,
				48F0221B210D4F5D00B48215 /* Resources */,
			);
			buildRules = (
			);
			dependencies = (
			);
			name = UIHorizontalTableViewLibrary;
			productName = UIHorizontalTableViewLibrary;
			productReference = 48F0221D210D4F5D00B48215 /* UIHorizontalTableViewLibrary.app */;
			productType = "com.apple.product-type.application";
		};
/* End PBXNativeTarget section */

/* Begin PBXProject section */
		48F02215210D4F5D00B48215 /* Project object */ = {
			isa = PBXProject;
			attributes = {
				LastSwiftUpdateCheck = 0940;
				LastUpgradeCheck = 0940;
				ORGANIZATIONNAME = Ray;
				TargetAttributes = {
					48F0221C210D4F5D00B48215 = {
						CreatedOnToolsVersion = 9.4.1;
					};
				};
			};
			buildConfigurationList = 48F02218210D4F5D00B48215 /* Build configuration list for PBXProject "UIHorizontalTableViewLibrary" */;
			compatibilityVersion = "Xcode 9.3";
			developmentRegion = en;
			hasScannedForEncodings = 0;
			knownRegions = (
				en,
				Base,
			);
			mainGroup = 48F02214210D4F5D00B48215;
			productRefGroup = 48F0221E210D4F5D00B48215 /* Products */;
			projectDirPath = "";
			projectRoot = "";
			targets = (
				48F0221C210D4F5D00B48215 /* UIHorizontalTableViewLibrary */,
			);
		};
/* End PBXProject section */

/* Begin PBXResourcesBuildPhase section */
		48F0221B210D4F5D00B48215 /* Resources */ = {
			isa = PBXResourcesBuildPhase;
			buildActionMask = 2147483647;
			files = (
				48F0222B210D4F5E00B48215 /* LaunchScreen.storyboard in Resources */,
				48F02228210D4F5E00B48215 /* Assets.xcassets in Resources */,
				48F02226210D4F5D00B48215 /* Main.storyboard in Resources */,
			);
			runOnlyForDeploymentPostprocessing = 0;
		};
/* End PBXResourcesBuildPhase section */

/* Begin PBXSourcesBuildPhase section */
		48F02219210D4F5D00B48215 /* Sources */ = {
			isa = PBXSourcesBuildPhase;
			buildActionMask = 2147483647;
			files = (
				48F022392110346100B48215 /* Extensions.swift in Sources */,
				48F02223210D4F5D00B48215 /* ViewController.swift in Sources */,
				48F02235210D52FC00B48215 /* UIHorizontalTableViewCell.swift in Sources */,
				48F02221210D4F5D00B48215 /* AppDelegate.swift in Sources */,
				48F02233210D4F7F00B48215 /* UIHorizontalTableView.swift in Sources */,
			);
			runOnlyForDeploymentPostprocessing = 0;
		};
/* End PBXSourcesBuildPhase section */

/* Begin PBXVariantGroup section */
		48F02224210D4F5D00B48215 /* Main.storyboard */ = {
			isa = PBXVariantGroup;
			children = (
				48F02225210D4F5D00B48215 /* Base */,
			);
			name = Main.storyboard;
			sourceTree = "<group>";
		};
		48F02229210D4F5E00B48215 /* LaunchScreen.storyboard */ = {
			isa = PBXVariantGroup;
			children = (
				48F0222A210D4F5E00B48215 /* Base */,
			);
			name = LaunchScreen.storyboard;
			sourceTree = "<group>";
		};
/* End PBXVariantGroup section */

/* Begin XCBuildConfiguration section */
		48F0222D210D4F5E00B48215 /* Debug */ = {
			isa = XCBuildConfiguration;
			buildSettings = {
				ALWAYS_SEARCH_USER_PATHS = NO;
				CLANG_ANALYZER_NONNULL = YES;
				CLANG_ANALYZER_NUMBER_OBJECT_CONVERSION = YES_AGGRESSIVE;
				CLANG_CXX_LANGUAGE_STANDARD = "gnu++14";
				CLANG_CXX_LIBRARY = "libc++";
				CLANG_ENABLE_MODULES = YES;
				CLANG_ENABLE_OBJC_ARC = YES;
				CLANG_ENABLE_OBJC_WEAK = YES;
				CLANG_WARN_BLOCK_CAPTURE_AUTORELEASING = YES;
				CLANG_WARN_BOOL_CONVERSION = YES;
				CLANG_WARN_COMMA = YES;
				CLANG_WARN_CONSTANT_CONVERSION = YES;
				CLANG_WARN_DEPRECATED_OBJC_IMPLEMENTATIONS = YES;
				CLANG_WARN_DIRECT_OBJC_ISA_USAGE = YES_ERROR;
				CLANG_WARN_DOCUMENTATION_COMMENTS = YES;
				CLANG_WARN_EMPTY_BODY = YES;
				CLANG_WARN_ENUM_CONVERSION = YES;
				CLANG_WARN_INFINITE_RECURSION = YES;
				CLANG_WARN_INT_CONVERSION = YES;
				CLANG_WARN_NON_LITERAL_NULL_CONVERSION = YES;
				CLANG_WARN_OBJC_IMPLICIT_RETAIN_SELF = YES;
				CLANG_WARN_OBJC_LITERAL_CONVERSION = YES;
				CLANG_WARN_OBJC_ROOT_CLASS = YES_ERROR;
				CLANG_WARN_RANGE_LOOP_ANALYSIS = YES;
				CLANG_WARN_STRICT_PROTOTYPES = YES;
				CLANG_WARN_SUSPICIOUS_MOVE = YES;
				CLANG_WARN_UNGUARDED_AVAILABILITY = YES_AGGRESSIVE;
				CLANG_WARN_UNREACHABLE_CODE = YES;
				CLANG_WARN__DUPLICATE_METHOD_MATCH = YES;
				CODE_SIGN_IDENTITY = "iPhone Developer";
				COPY_PHASE_STRIP = NO;
				DEBUG_INFORMATION_FORMAT = dwarf;
				ENABLE_STRICT_OBJC_MSGSEND = YES;
				ENABLE_TESTABILITY = YES;
				GCC_C_LANGUAGE_STANDARD = gnu11;
				GCC_DYNAMIC_NO_PIC = NO;
				GCC_NO_COMMON_BLOCKS = YES;
				GCC_OPTIMIZATION_LEVEL = 0;
				GCC_PREPROCESSOR_DEFINITIONS = (
					"DEBUG=1",
					"$(inherited)",
				);
				GCC_WARN_64_TO_32_BIT_CONVERSION = YES;
				GCC_WARN_ABOUT_RETURN_TYPE = YES_ERROR;
				GCC_WARN_UNDECLARED_SELECTOR = YES;
				GCC_WARN_UNINITIALIZED_AUTOS = YES_AGGRESSIVE;
				GCC_WARN_UNUSED_FUNCTION = YES;
				GCC_WARN_UNUSED_VARIABLE = YES;
				IPHONEOS_DEPLOYMENT_TARGET = 11.4;
				MTL_ENABLE_DEBUG_INFO = YES;
				ONLY_ACTIVE_ARCH = YES;
				SDKROOT = iphoneos;
				SWIFT_ACTIVE_COMPILATION_CONDITIONS = DEBUG;
				SWIFT_OPTIMIZATION_LEVEL = "-Onone";
			};
			name = Debug;
		};
		48F0222E210D4F5E00B48215 /* Release */ = {
			isa = XCBuildConfiguration;
			buildSettings = {
				ALWAYS_SEARCH_USER_PATHS = NO;
				CLANG_ANALYZER_NONNULL = YES;
				CLANG_ANALYZER_NUMBER_OBJECT_CONVERSION = YES_AGGRESSIVE;
				CLANG_CXX_LANGUAGE_STANDARD = "gnu++14";
				CLANG_CXX_LIBRARY = "libc++";
				CLANG_ENABLE_MODULES = YES;
				CLANG_ENABLE_OBJC_ARC = YES;
				CLANG_ENABLE_OBJC_WEAK = YES;
				CLANG_WARN_BLOCK_CAPTURE_AUTORELEASING = YES;
				CLANG_WARN_BOOL_CONVERSION = YES;
				CLANG_WARN_COMMA = YES;
				CLANG_WARN_CONSTANT_CONVERSION = YES;
				CLANG_WARN_DEPRECATED_OBJC_IMPLEMENTATIONS = YES;
				CLANG_WARN_DIRECT_OBJC_ISA_USAGE = YES_ERROR;
				CLANG_WARN_DOCUMENTATION_COMMENTS = YES;
				CLANG_WARN_EMPTY_BODY = YES;
				CLANG_WARN_ENUM_CONVERSION = YES;
				CLANG_WARN_INFINITE_RECURSION = YES;
				CLANG_WARN_INT_CONVERSION = YES;
				CLANG_WARN_NON_LITERAL_NULL_CONVERSION = YES;
				CLANG_WARN_OBJC_IMPLICIT_RETAIN_SELF = YES;
				CLANG_WARN_OBJC_LITERAL_CONVERSION = YES;
				CLANG_WARN_OBJC_ROOT_CLASS = YES_ERROR;
				CLANG_WARN_RANGE_LOOP_ANALYSIS = YES;
				CLANG_WARN_STRICT_PROTOTYPES = YES;
				CLANG_WARN_SUSPICIOUS_MOVE = YES;
				CLANG_WARN_UNGUARDED_AVAILABILITY = YES_AGGRESSIVE;
				CLANG_WARN_UNREACHABLE_CODE = YES;
				CLANG_WARN__DUPLICATE_METHOD_MATCH = YES;
				CODE_SIGN_IDENTITY = "iPhone Developer";
				COPY_PHASE_STRIP = NO;
				DEBUG_INFORMATION_FORMAT = "dwarf-with-dsym";
				ENABLE_NS_ASSERTIONS = NO;
				ENABLE_STRICT_OBJC_MSGSEND = YES;
				GCC_C_LANGUAGE_STANDARD = gnu11;
				GCC_NO_COMMON_BLOCKS = YES;
				GCC_WARN_64_TO_32_BIT_CONVERSION = YES;
				GCC_WARN_ABOUT_RETURN_TYPE = YES_ERROR;
				GCC_WARN_UNDECLARED_SELECTOR = YES;
				GCC_WARN_UNINITIALIZED_AUTOS = YES_AGGRESSIVE;
				GCC_WARN_UNUSED_FUNCTION = YES;
				GCC_WARN_UNUSED_VARIABLE = YES;
				IPHONEOS_DEPLOYMENT_TARGET = 11.4;
				MTL_ENABLE_DEBUG_INFO = NO;
				SDKROOT = iphoneos;
				SWIFT_COMPILATION_MODE = wholemodule;
				SWIFT_OPTIMIZATION_LEVEL = "-O";
				VALIDATE_PRODUCT = YES;
			};
			name = Release;
		};
		48F02230210D4F5E00B48215 /* Debug */ = {
			isa = XCBuildConfiguration;
			buildSettings = {
				ASSETCATALOG_COMPILER_APPICON_NAME = AppIcon;
				CODE_SIGN_STYLE = Automatic;
				DEVELOPMENT_TEAM = DGVTX2WT2S;
				FRAMEWORK_SEARCH_PATHS = (
					"$(inherited)",
					"$(PROJECT_DIR)/Carthage/Build/iOS",
				);
				INFOPLIST_FILE = UIHorizontalTableViewLibrary/Info.plist;
				LD_RUNPATH_SEARCH_PATHS = (
					"$(inherited)",
					"@executable_path/Frameworks",
				);
				PRODUCT_BUNDLE_IDENTIFIER = com.ray.app.assignment.UIHorizontalTableViewLibrary;
				PRODUCT_NAME = "$(TARGET_NAME)";
				SWIFT_VERSION = 4.0;
				TARGETED_DEVICE_FAMILY = "1,2";
			};
			name = Debug;
		};
		48F02231210D4F5E00B48215 /* Release */ = {
			isa = XCBuildConfiguration;
			buildSettings = {
				ASSETCATALOG_COMPILER_APPICON_NAME = AppIcon;
				CODE_SIGN_STYLE = Automatic;
				DEVELOPMENT_TEAM = DGVTX2WT2S;
				FRAMEWORK_SEARCH_PATHS = (
					"$(inherited)",
					"$(PROJECT_DIR)/Carthage/Build/iOS",
				);
				INFOPLIST_FILE = UIHorizontalTableViewLibrary/Info.plist;
				LD_RUNPATH_SEARCH_PATHS = (
					"$(inherited)",
					"@executable_path/Frameworks",
				);
				PRODUCT_BUNDLE_IDENTIFIER = com.ray.app.assignment.UIHorizontalTableViewLibrary;
				PRODUCT_NAME = "$(TARGET_NAME)";
				SWIFT_VERSION = 4.0;
				TARGETED_DEVICE_FAMILY = "1,2";
			};
			name = Release;
		};
/* End XCBuildConfiguration section */

/* Begin XCConfigurationList section */
		48F02218210D4F5D00B48215 /* Build configuration list for PBXProject "UIHorizontalTableViewLibrary" */ = {
			isa = XCConfigurationList;
			buildConfigurations = (
				48F0222D210D4F5E00B48215 /* Debug */,
				48F0222E210D4F5E00B48215 /* Release */,
			);
			defaultConfigurationIsVisible = 0;
			defaultConfigurationName = Release;
		};
		48F0222F210D4F5E00B48215 /* Build configuration list for PBXNativeTarget "UIHorizontalTableViewLibrary" */ = {
			isa = XCConfigurationList;
			buildConfigurations = (
				48F02230210D4F5E00B48215 /* Debug */,
				48F02231210D4F5E00B48215 /* Release */,
			);
			defaultConfigurationIsVisible = 0;
			defaultConfigurationName = Release;
		};
/* End XCConfigurationList section */
	};
	rootObject = 48F02215210D4F5D00B48215 /* Project object */;
}
